
Microsoft Visual Studio Solution File, Format Version 12.00
# Visual Studio 2013
VisualStudioVersion = 12.0.30110.0
MinimumVisualStudioVersion = 10.0.40219.1
Project("{FAE04EC0-301F-11D3-BF4B-00C04F79EFBC}") = "MyVanity.Web", "MyVanity.Web\MyVanity.Web.csproj", "{D85783D9-5586-4C38-93CE-F31BFB786A1A}"
EndProject
Project("{FAE04EC0-301F-11D3-BF4B-00C04F79EFBC}") = "MyVanity.Views", "MyVanity.Views\MyVanity.Views.csproj", "{16D0B619-7DB8-4840-8D18-4FFAC8B612D3}"
EndProject
Project("{FAE04EC0-301F-11D3-BF4B-00C04F79EFBC}") = "OpenXml Power Tools", "MyVanity.Tools\OpenXmlPowerTools\OpenXml Power Tools.csproj", "{4470E36F-6B56-4740-8DA3-685A13EFDE58}"
EndProject
Project("{FAE04EC0-301F-11D3-BF4B-00C04F79EFBC}") = "MyVanity.Services", "MyVanity.Services\MyVanity.Services.csproj", "{5D54601B-32FD-4215-B5B2-BBE4B770A59D}"
EndProject
Project("{FAE04EC0-301F-11D3-BF4B-00C04F79EFBC}") = "MyVanity.Model", "MyVanity.Model\MyVanity.Model.csproj", "{7248E3D7-0375-4DA2-B949-C0E0CC5CF452}"
EndProject
Project("{FAE04EC0-301F-11D3-BF4B-00C04F79EFBC}") = "MyVanity.Domain", "MyVanity.Domain\MyVanity.Domain.csproj", "{8B911593-3C8A-4650-875D-A609049B6BB9}"
EndProject
Project("{FAE04EC0-301F-11D3-BF4B-00C04F79EFBC}") = "MyVanity.Common", "MyVanity.Common\MyVanity.Common.csproj", "{D91D1192-306B-49F3-912F-32888BD2CC01}"
EndProject
Project("{2150E333-8FDC-42A3-9474-1A3956D46DE8}") = "Common", "Common", "{3BCE882B-AEC4-4C1C-A182-ED6908C3E6DD}"
EndProject
Project("{2150E333-8FDC-42A3-9474-1A3956D46DE8}") = "Domain", "Domain", "{8AC1B981-EFE8-4227-8159-8A26B6C1E15D}"
EndProject
Project("{2150E333-8FDC-42A3-9474-1A3956D46DE8}") = "Adapter", "Adapter", "{7BBDBD39-9474-4A65-96F6-3D3D7D350DF4}"
EndProject
Project("{2150E333-8FDC-42A3-9474-1A3956D46DE8}") = "Services", "Services", "{B7728328-CD5A-4D7C-A2E0-98470DB94836}"
EndProject
Project("{2150E333-8FDC-42A3-9474-1A3956D46DE8}") = "Tools", "Tools", "{9E2C3EC9-E9DC-4994-BE64-E3384C81588F}"
EndProject
Project("{2150E333-8FDC-42A3-9474-1A3956D46DE8}") = "UI", "UI", "{D908C4BB-D744-4CE9-8719-26EC4DCCF08A}"
EndProject
Project("{2150E333-8FDC-42A3-9474-1A3956D46DE8}") = ".nuget", ".nuget", "{29A265E4-EAEA-4F69-B582-F73C6D11E23D}"
	ProjectSection(SolutionItems) = preProject
		.nuget\NuGet.Config = .nuget\NuGet.Config
		.nuget\NuGet.exe = .nuget\NuGet.exe
		D:\Documentos\Projects\devenv\Projects\MyVanity\MyVanity\Source\MyVanity\.nuget\NuGet.targets = D:\Documentos\Projects\devenv\Projects\MyVanity\MyVanity\Source\MyVanity\.nuget\NuGet.targets
	EndProjectSection
EndProject
Global
	GlobalSection(SolutionConfigurationPlatforms) = preSolution
		Debug|Any CPU = Debug|Any CPU
		Release|Any CPU = Release|Any CPU
		Staging|Any CPU = Staging|Any CPU
	EndGlobalSection
	GlobalSection(ProjectConfigurationPlatforms) = postSolution
		{D85783D9-5586-4C38-93CE-F31BFB786A1A}.Debug|Any CPU.ActiveCfg = Debug|Any CPU
		{D85783D9-5586-4C38-93CE-F31BFB786A1A}.Debug|Any CPU.Build.0 = Debug|Any CPU
		{D85783D9-5586-4C38-93CE-F31BFB786A1A}.Release|Any CPU.ActiveCfg = Release|Any CPU
		{D85783D9-5586-4C38-93CE-F31BFB786A1A}.Release|Any CPU.Build.0 = Release|Any CPU
		{D85783D9-5586-4C38-93CE-F31BFB786A1A}.Staging|Any CPU.ActiveCfg = Staging|Any CPU
		{D85783D9-5586-4C38-93CE-F31BFB786A1A}.Staging|Any CPU.Build.0 = Staging|Any CPU
		{16D0B619-7DB8-4840-8D18-4FFAC8B612D3}.Debug|Any CPU.ActiveCfg = Debug|Any CPU
		{16D0B619-7DB8-4840-8D18-4FFAC8B612D3}.Debug|Any CPU.Build.0 = Debug|Any CPU
		{16D0B619-7DB8-4840-8D18-4FFAC8B612D3}.Release|Any CPU.ActiveCfg = Release|Any CPU
		{16D0B619-7DB8-4840-8D18-4FFAC8B612D3}.Release|Any CPU.Build.0 = Release|Any CPU
		{16D0B619-7DB8-4840-8D18-4FFAC8B612D3}.Staging|Any CPU.ActiveCfg = Release|Any CPU
		{16D0B619-7DB8-4840-8D18-4FFAC8B612D3}.Staging|Any CPU.Build.0 = Release|Any CPU
		{4470E36F-6B56-4740-8DA3-685A13EFDE58}.Debug|Any CPU.ActiveCfg = Debug|Any CPU
		{4470E36F-6B56-4740-8DA3-685A13EFDE58}.Debug|Any CPU.Build.0 = Debug|Any CPU
		{4470E36F-6B56-4740-8DA3-685A13EFDE58}.Release|Any CPU.ActiveCfg = Release|Any CPU
		{4470E36F-6B56-4740-8DA3-685A13EFDE58}.Release|Any CPU.Build.0 = Release|Any CPU
		{4470E36F-6B56-4740-8DA3-685A13EFDE58}.Staging|Any CPU.ActiveCfg = Release|Any CPU
		{4470E36F-6B56-4740-8DA3-685A13EFDE58}.Staging|Any CPU.Build.0 = Release|Any CPU
		{5D54601B-32FD-4215-B5B2-BBE4B770A59D}.Debug|Any CPU.ActiveCfg = Debug|Any CPU
		{5D54601B-32FD-4215-B5B2-BBE4B770A59D}.Debug|Any CPU.Build.0 = Debug|Any CPU
		{5D54601B-32FD-4215-B5B2-BBE4B770A59D}.Release|Any CPU.ActiveCfg = Release|Any CPU
		{5D54601B-32FD-4215-B5B2-BBE4B770A59D}.Release|Any CPU.Build.0 = Release|Any CPU
		{5D54601B-32FD-4215-B5B2-BBE4B770A59D}.Staging|Any CPU.ActiveCfg = Release|Any CPU
		{5D54601B-32FD-4215-B5B2-BBE4B770A59D}.Staging|Any CPU.Build.0 = Release|Any CPU
		{7248E3D7-0375-4DA2-B949-C0E0CC5CF452}.Debug|Any CPU.ActiveCfg = Debug|Any CPU
		{7248E3D7-0375-4DA2-B949-C0E0CC5CF452}.Debug|Any CPU.Build.0 = Debug|Any CPU
		{7248E3D7-0375-4DA2-B949-C0E0CC5CF452}.Release|Any CPU.ActiveCfg = Release|Any CPU
		{7248E3D7-0375-4DA2-B949-C0E0CC5CF452}.Release|Any CPU.Build.0 = Release|Any CPU
		{7248E3D7-0375-4DA2-B949-C0E0CC5CF452}.Staging|Any CPU.ActiveCfg = Release|Any CPU
		{7248E3D7-0375-4DA2-B949-C0E0CC5CF452}.Staging|Any CPU.Build.0 = Release|Any CPU
		{8B911593-3C8A-4650-875D-A609049B6BB9}.Debug|Any CPU.ActiveCfg = Debug|Any CPU
		{8B911593-3C8A-4650-875D-A609049B6BB9}.Debug|Any CPU.Build.0 = Debug|Any CPU
		{8B911593-3C8A-4650-875D-A609049B6BB9}.Release|Any CPU.ActiveCfg = Release|Any CPU
		{8B911593-3C8A-4650-875D-A609049B6BB9}.Release|Any CPU.Build.0 = Release|Any CPU
		{8B911593-3C8A-4650-875D-A609049B6BB9}.Staging|Any CPU.ActiveCfg = Release|Any CPU
		{8B911593-3C8A-4650-875D-A609049B6BB9}.Staging|Any CPU.Build.0 = Release|Any CPU
		{D91D1192-306B-49F3-912F-32888BD2CC01}.Debug|Any CPU.ActiveCfg = Debug|Any CPU
		{D91D1192-306B-49F3-912F-32888BD2CC01}.Debug|Any CPU.Build.0 = Debug|Any CPU
		{D91D1192-306B-49F3-912F-32888BD2CC01}.Release|Any CPU.ActiveCfg = Release|Any CPU
		{D91D1192-306B-49F3-912F-32888BD2CC01}.Release|Any CPU.Build.0 = Release|Any CPU
		{D91D1192-306B-49F3-912F-32888BD2CC01}.Staging|Any CPU.ActiveCfg = Release|Any CPU
		{D91D1192-306B-49F3-912F-32888BD2CC01}.Staging|Any CPU.Build.0 = Release|Any CPU
	EndGlobalSection
	GlobalSection(SolutionProperties) = preSolution
		HideSolutionNode = FALSE
	EndGlobalSection
	GlobalSection(NestedProjects) = preSolution
		{D91D1192-306B-49F3-912F-32888BD2CC01} = {3BCE882B-AEC4-4C1C-A182-ED6908C3E6DD}
		{8B911593-3C8A-4650-875D-A609049B6BB9} = {8AC1B981-EFE8-4227-8159-8A26B6C1E15D}
		{7248E3D7-0375-4DA2-B949-C0E0CC5CF452} = {7BBDBD39-9474-4A65-96F6-3D3D7D350DF4}
		{16D0B619-7DB8-4840-8D18-4FFAC8B612D3} = {7BBDBD39-9474-4A65-96F6-3D3D7D350DF4}
		{5D54601B-32FD-4215-B5B2-BBE4B770A59D} = {B7728328-CD5A-4D7C-A2E0-98470DB94836}
		{4470E36F-6B56-4740-8DA3-685A13EFDE58} = {9E2C3EC9-E9DC-4994-BE64-E3384C81588F}
		{D85783D9-5586-4C38-93CE-F31BFB786A1A} = {D908C4BB-D744-4CE9-8719-26EC4DCCF08A}
	EndGlobalSection
EndGlobal
